
Microsoft Visual Studio Solution File, Format Version 12.00
# Visual Studio Version 16
Project("{2150E333-8FDC-42A3-9474-1A3956D46DE8}") = "HostingExamples", "HostingExamples", "{AAEF6D2A-E176-3E54-9532-1062EBD60CF4}"
EndProject
Project("{2150E333-8FDC-42A3-9474-1A3956D46DE8}") = "Libraries", "Libraries", "{EEC0ABF9-6E3E-38D1-A53E-9AF4AA1DF1F6}"
EndProject
Project("{2150E333-8FDC-42A3-9474-1A3956D46DE8}") = "PlugInExamples", "PlugInExamples", "{41BE2D2A-5231-382C-A3B1-001055D9E3DC}"
EndProject
Project("{2150E333-8FDC-42A3-9474-1A3956D46DE8}") = "Predefined", "Predefined", "{DB964146-3C9A-3BE2-87CB-1D8F62B4D8A3}"
EndProject
Project("{2150E333-8FDC-42A3-9474-1A3956D46DE8}") = "VSTGUI Tools", "VSTGUI Tools", "{C573B6C6-A556-3721-AEE6-8BAB489F0B7D}"
EndProject
Project("{8BC9CEB8-8B4A-11D0-8D11-00A0C91BC942}") = "ALL_BUILD", "ALL_BUILD.vcxproj", "{FA208C94-900E-3208-9FE3-70BBF182E7EB}"
	ProjectSection(ProjectDependencies) = postProject
		{E1BBBA71-F121-3125-B2A3-B0D2C0B540DF} = {E1BBBA71-F121-3125-B2A3-B0D2C0B540DF}
		{4DE86EED-E37E-3984-A203-FDA24A8D716B} = {4DE86EED-E37E-3984-A203-FDA24A8D716B}
		{BF32A55A-4E0F-3164-83B4-38EDBB855E6A} = {BF32A55A-4E0F-3164-83B4-38EDBB855E6A}
		{5E026349-52CA-3CFD-BD9B-0C5191349DB8} = {5E026349-52CA-3CFD-BD9B-0C5191349DB8}
		{D8AED9C5-75E0-3C82-B05E-8D5DA5931C39} = {D8AED9C5-75E0-3C82-B05E-8D5DA5931C39}
		{4C6A7A0A-EED0-3987-9BB2-EDA07309F9C5} = {4C6A7A0A-EED0-3987-9BB2-EDA07309F9C5}
		{18944F24-04A0-3739-857B-49D7582EBCDA} = {18944F24-04A0-3739-857B-49D7582EBCDA}
		{3F778A2F-7D2D-3ED9-A945-32CB2C82A6C4} = {3F778A2F-7D2D-3ED9-A945-32CB2C82A6C4}
		{53B7331A-E4BD-3B97-A21A-5BB1F812FC44} = {53B7331A-E4BD-3B97-A21A-5BB1F812FC44}
		{36275DF6-0A55-3AA6-BAFD-F459736632F6} = {36275DF6-0A55-3AA6-BAFD-F459736632F6}
		{65977FD2-8834-38A4-BD3D-DF255068287C} = {65977FD2-8834-38A4-BD3D-DF255068287C}
		{1AD25A1B-2C13-3F10-8216-465698B37F90} = {1AD25A1B-2C13-3F10-8216-465698B37F90}
		{109DA30C-4824-3D68-852D-25896906EBA6} = {109DA30C-4824-3D68-852D-25896906EBA6}
		{3EE9F44B-7894-325D-AD6E-C68A3839A738} = {3EE9F44B-7894-325D-AD6E-C68A3839A738}
		{6B825D33-7322-38B9-B22B-20686EB4DC43} = {6B825D33-7322-38B9-B22B-20686EB4DC43}
		{DE7B3237-1832-3128-8128-A06CFA7B7049} = {DE7B3237-1832-3128-8128-A06CFA7B7049}
		{17466E55-8D81-3B94-B642-3ECFC0A1B0D0} = {17466E55-8D81-3B94-B642-3ECFC0A1B0D0}
		{D41748F0-17B9-3520-840C-AB006A21FFD8} = {D41748F0-17B9-3520-840C-AB006A21FFD8}
		{381DC9DA-B6D1-3583-AB4E-A9C34E99D143} = {381DC9DA-B6D1-3583-AB4E-A9C34E99D143}
		{C51E9F00-D943-37C8-AA2A-E86AE75678A7} = {C51E9F00-D943-37C8-AA2A-E86AE75678A7}
		{9B5EA628-73EF-367D-976B-53B4F6A4D98E} = {9B5EA628-73EF-367D-976B-53B4F6A4D98E}
		{0AEC4BA1-50AC-3DD3-905A-6E73494828B8} = {0AEC4BA1-50AC-3DD3-905A-6E73494828B8}
		{A7B5AED5-448D-3216-B24C-3577CC2D9EC7} = {A7B5AED5-448D-3216-B24C-3577CC2D9EC7}
		{290FCDFA-7B1B-3836-8CC9-EAB154AF9945} = {290FCDFA-7B1B-3836-8CC9-EAB154AF9945}
		{558E9CA4-3DC5-375C-B7AC-EBA1ACD582DA} = {558E9CA4-3DC5-375C-B7AC-EBA1ACD582DA}
		{32775E22-F1E7-3118-BDE7-C1436E63247A} = {32775E22-F1E7-3118-BDE7-C1436E63247A}
	EndProjectSection
EndProject
Project("{8BC9CEB8-8B4A-11D0-8D11-00A0C91BC942}") = "ZERO_CHECK", "ZERO_CHECK.vcxproj", "{E1BBBA71-F121-3125-B2A3-B0D2C0B540DF}"
	ProjectSection(ProjectDependencies) = postProject
	EndProjectSection
EndProject
Project("{8BC9CEB8-8B4A-11D0-8D11-00A0C91BC942}") = "adelay", "public.sdk\samples\vst\adelay\adelay.vcxproj", "{4DE86EED-E37E-3984-A203-FDA24A8D716B}"
	ProjectSection(ProjectDependencies) = postProject
		{E1BBBA71-F121-3125-B2A3-B0D2C0B540DF} = {E1BBBA71-F121-3125-B2A3-B0D2C0B540DF}
		{D8AED9C5-75E0-3C82-B05E-8D5DA5931C39} = {D8AED9C5-75E0-3C82-B05E-8D5DA5931C39}
		{6B825D33-7322-38B9-B22B-20686EB4DC43} = {6B825D33-7322-38B9-B22B-20686EB4DC43}
		{D41748F0-17B9-3520-840C-AB006A21FFD8} = {D41748F0-17B9-3520-840C-AB006A21FFD8}
		{381DC9DA-B6D1-3583-AB4E-A9C34E99D143} = {381DC9DA-B6D1-3583-AB4E-A9C34E99D143}
		{A7B5AED5-448D-3216-B24C-3577CC2D9EC7} = {A7B5AED5-448D-3216-B24C-3577CC2D9EC7}
	EndProjectSection
EndProject
Project("{8BC9CEB8-8B4A-11D0-8D11-00A0C91BC942}") = "again", "public.sdk\samples\vst\again\again.vcxproj", "{BF32A55A-4E0F-3164-83B4-38EDBB855E6A}"
	ProjectSection(ProjectDependencies) = postProject
		{E1BBBA71-F121-3125-B2A3-B0D2C0B540DF} = {E1BBBA71-F121-3125-B2A3-B0D2C0B540DF}
		{D8AED9C5-75E0-3C82-B05E-8D5DA5931C39} = {D8AED9C5-75E0-3C82-B05E-8D5DA5931C39}
		{6B825D33-7322-38B9-B22B-20686EB4DC43} = {6B825D33-7322-38B9-B22B-20686EB4DC43}
		{D41748F0-17B9-3520-840C-AB006A21FFD8} = {D41748F0-17B9-3520-840C-AB006A21FFD8}
		{381DC9DA-B6D1-3583-AB4E-A9C34E99D143} = {381DC9DA-B6D1-3583-AB4E-A9C34E99D143}
		{A7B5AED5-448D-3216-B24C-3577CC2D9EC7} = {A7B5AED5-448D-3216-B24C-3577CC2D9EC7}
		{290FCDFA-7B1B-3836-8CC9-EAB154AF9945} = {290FCDFA-7B1B-3836-8CC9-EAB154AF9945}
		{558E9CA4-3DC5-375C-B7AC-EBA1ACD582DA} = {558E9CA4-3DC5-375C-B7AC-EBA1ACD582DA}
		{32775E22-F1E7-3118-BDE7-C1436E63247A} = {32775E22-F1E7-3118-BDE7-C1436E63247A}
	EndProjectSection
EndProject
Project("{8BC9CEB8-8B4A-11D0-8D11-00A0C91BC942}") = "againsimple", "public.sdk\samples\vst\again\againsimple.vcxproj", "{5E026349-52CA-3CFD-BD9B-0C5191349DB8}"
	ProjectSection(ProjectDependencies) = postProject
		{E1BBBA71-F121-3125-B2A3-B0D2C0B540DF} = {E1BBBA71-F121-3125-B2A3-B0D2C0B540DF}
		{D8AED9C5-75E0-3C82-B05E-8D5DA5931C39} = {D8AED9C5-75E0-3C82-B05E-8D5DA5931C39}
		{6B825D33-7322-38B9-B22B-20686EB4DC43} = {6B825D33-7322-38B9-B22B-20686EB4DC43}
		{D41748F0-17B9-3520-840C-AB006A21FFD8} = {D41748F0-17B9-3520-840C-AB006A21FFD8}
		{381DC9DA-B6D1-3583-AB4E-A9C34E99D143} = {381DC9DA-B6D1-3583-AB4E-A9C34E99D143}
		{A7B5AED5-448D-3216-B24C-3577CC2D9EC7} = {A7B5AED5-448D-3216-B24C-3577CC2D9EC7}
		{290FCDFA-7B1B-3836-8CC9-EAB154AF9945} = {290FCDFA-7B1B-3836-8CC9-EAB154AF9945}
		{558E9CA4-3DC5-375C-B7AC-EBA1ACD582DA} = {558E9CA4-3DC5-375C-B7AC-EBA1ACD582DA}
		{32775E22-F1E7-3118-BDE7-C1436E63247A} = {32775E22-F1E7-3118-BDE7-C1436E63247A}
	EndProjectSection
EndProject
Project("{8BC9CEB8-8B4A-11D0-8D11-00A0C91BC942}") = "base", "base\base.vcxproj", "{D8AED9C5-75E0-3C82-B05E-8D5DA5931C39}"
	ProjectSection(ProjectDependencies) = postProject
		{E1BBBA71-F121-3125-B2A3-B0D2C0B540DF} = {E1BBBA71-F121-3125-B2A3-B0D2C0B540DF}
	EndProjectSection
EndProject
Project("{8BC9CEB8-8B4A-11D0-8D11-00A0C91BC942}") = "channelcontext", "public.sdk\samples\vst\channelcontext\channelcontext.vcxproj", "{4C6A7A0A-EED0-3987-9BB2-EDA07309F9C5}"
	ProjectSection(ProjectDependencies) = postProject
		{E1BBBA71-F121-3125-B2A3-B0D2C0B540DF} = {E1BBBA71-F121-3125-B2A3-B0D2C0B540DF}
		{D8AED9C5-75E0-3C82-B05E-8D5DA5931C39} = {D8AED9C5-75E0-3C82-B05E-8D5DA5931C39}
		{6B825D33-7322-38B9-B22B-20686EB4DC43} = {6B825D33-7322-38B9-B22B-20686EB4DC43}
		{D41748F0-17B9-3520-840C-AB006A21FFD8} = {D41748F0-17B9-3520-840C-AB006A21FFD8}
		{381DC9DA-B6D1-3583-AB4E-A9C34E99D143} = {381DC9DA-B6D1-3583-AB4E-A9C34E99D143}
		{A7B5AED5-448D-3216-B24C-3577CC2D9EC7} = {A7B5AED5-448D-3216-B24C-3577CC2D9EC7}
	EndProjectSection
EndProject
Project("{8BC9CEB8-8B4A-11D0-8D11-00A0C91BC942}") = "cmake_modules", "cmake_modules.vcxproj", "{76C4EB3B-0A68-3DE0-A6AA-A3B64BDB7BBF}"
	ProjectSection(ProjectDependencies) = postProject
		{E1BBBA71-F121-3125-B2A3-B0D2C0B540DF} = {E1BBBA71-F121-3125-B2A3-B0D2C0B540DF}
	EndProjectSection
EndProject
Project("{8BC9CEB8-8B4A-11D0-8D11-00A0C91BC942}") = "editorhost", "public.sdk\samples\vst-hosting\editorhost\editorhost.vcxproj", "{18944F24-04A0-3739-857B-49D7582EBCDA}"
	ProjectSection(ProjectDependencies) = postProject
		{E1BBBA71-F121-3125-B2A3-B0D2C0B540DF} = {E1BBBA71-F121-3125-B2A3-B0D2C0B540DF}
		{D8AED9C5-75E0-3C82-B05E-8D5DA5931C39} = {D8AED9C5-75E0-3C82-B05E-8D5DA5931C39}
		{6B825D33-7322-38B9-B22B-20686EB4DC43} = {6B825D33-7322-38B9-B22B-20686EB4DC43}
		{381DC9DA-B6D1-3583-AB4E-A9C34E99D143} = {381DC9DA-B6D1-3583-AB4E-A9C34E99D143}
		{C51E9F00-D943-37C8-AA2A-E86AE75678A7} = {C51E9F00-D943-37C8-AA2A-E86AE75678A7}
	EndProjectSection
EndProject
Project("{8BC9CEB8-8B4A-11D0-8D11-00A0C91BC942}") = "hostchecker", "public.sdk\samples\vst\hostchecker\hostchecker.vcxproj", "{3F778A2F-7D2D-3ED9-A945-32CB2C82A6C4}"
	ProjectSection(ProjectDependencies) = postProject
		{E1BBBA71-F121-3125-B2A3-B0D2C0B540DF} = {E1BBBA71-F121-3125-B2A3-B0D2C0B540DF}
		{D8AED9C5-75E0-3C82-B05E-8D5DA5931C39} = {D8AED9C5-75E0-3C82-B05E-8D5DA5931C39}
		{6B825D33-7322-38B9-B22B-20686EB4DC43} = {6B825D33-7322-38B9-B22B-20686EB4DC43}
		{D41748F0-17B9-3520-840C-AB006A21FFD8} = {D41748F0-17B9-3520-840C-AB006A21FFD8}
		{381DC9DA-B6D1-3583-AB4E-A9C34E99D143} = {381DC9DA-B6D1-3583-AB4E-A9C34E99D143}
		{A7B5AED5-448D-3216-B24C-3577CC2D9EC7} = {A7B5AED5-448D-3216-B24C-3577CC2D9EC7}
		{290FCDFA-7B1B-3836-8CC9-EAB154AF9945} = {290FCDFA-7B1B-3836-8CC9-EAB154AF9945}
		{558E9CA4-3DC5-375C-B7AC-EBA1ACD582DA} = {558E9CA4-3DC5-375C-B7AC-EBA1ACD582DA}
		{32775E22-F1E7-3118-BDE7-C1436E63247A} = {32775E22-F1E7-3118-BDE7-C1436E63247A}
	EndProjectSection
EndProject
Project("{8BC9CEB8-8B4A-11D0-8D11-00A0C91BC942}") = "legacymidiccout", "public.sdk\samples\vst\legacymidiccout\legacymidiccout.vcxproj", "{53B7331A-E4BD-3B97-A21A-5BB1F812FC44}"
	ProjectSection(ProjectDependencies) = postProject
		{E1BBBA71-F121-3125-B2A3-B0D2C0B540DF} = {E1BBBA71-F121-3125-B2A3-B0D2C0B540DF}
		{D8AED9C5-75E0-3C82-B05E-8D5DA5931C39} = {D8AED9C5-75E0-3C82-B05E-8D5DA5931C39}
		{6B825D33-7322-38B9-B22B-20686EB4DC43} = {6B825D33-7322-38B9-B22B-20686EB4DC43}
		{D41748F0-17B9-3520-840C-AB006A21FFD8} = {D41748F0-17B9-3520-840C-AB006A21FFD8}
		{381DC9DA-B6D1-3583-AB4E-A9C34E99D143} = {381DC9DA-B6D1-3583-AB4E-A9C34E99D143}
		{A7B5AED5-448D-3216-B24C-3577CC2D9EC7} = {A7B5AED5-448D-3216-B24C-3577CC2D9EC7}
	EndProjectSection
EndProject
Project("{8BC9CEB8-8B4A-11D0-8D11-00A0C91BC942}") = "mda-vst3", "public.sdk\samples\vst\mda-vst3\mda-vst3.vcxproj", "{36275DF6-0A55-3AA6-BAFD-F459736632F6}"
	ProjectSection(ProjectDependencies) = postProject
		{E1BBBA71-F121-3125-B2A3-B0D2C0B540DF} = {E1BBBA71-F121-3125-B2A3-B0D2C0B540DF}
		{D8AED9C5-75E0-3C82-B05E-8D5DA5931C39} = {D8AED9C5-75E0-3C82-B05E-8D5DA5931C39}
		{6B825D33-7322-38B9-B22B-20686EB4DC43} = {6B825D33-7322-38B9-B22B-20686EB4DC43}
		{D41748F0-17B9-3520-840C-AB006A21FFD8} = {D41748F0-17B9-3520-840C-AB006A21FFD8}
		{381DC9DA-B6D1-3583-AB4E-A9C34E99D143} = {381DC9DA-B6D1-3583-AB4E-A9C34E99D143}
		{A7B5AED5-448D-3216-B24C-3577CC2D9EC7} = {A7B5AED5-448D-3216-B24C-3577CC2D9EC7}
	EndProjectSection
EndProject
Project("{8BC9CEB8-8B4A-11D0-8D11-00A0C91BC942}") = "noteexpressionsynth", "public.sdk\samples\vst\note_expression_synth\noteexpressionsynth.vcxproj", "{65977FD2-8834-38A4-BD3D-DF255068287C}"
	ProjectSection(ProjectDependencies) = postProject
		{E1BBBA71-F121-3125-B2A3-B0D2C0B540DF} = {E1BBBA71-F121-3125-B2A3-B0D2C0B540DF}
		{D8AED9C5-75E0-3C82-B05E-8D5DA5931C39} = {D8AED9C5-75E0-3C82-B05E-8D5DA5931C39}
		{6B825D33-7322-38B9-B22B-20686EB4DC43} = {6B825D33-7322-38B9-B22B-20686EB4DC43}
		{D41748F0-17B9-3520-840C-AB006A21FFD8} = {D41748F0-17B9-3520-840C-AB006A21FFD8}
		{381DC9DA-B6D1-3583-AB4E-A9C34E99D143} = {381DC9DA-B6D1-3583-AB4E-A9C34E99D143}
		{A7B5AED5-448D-3216-B24C-3577CC2D9EC7} = {A7B5AED5-448D-3216-B24C-3577CC2D9EC7}
		{290FCDFA-7B1B-3836-8CC9-EAB154AF9945} = {290FCDFA-7B1B-3836-8CC9-EAB154AF9945}
		{558E9CA4-3DC5-375C-B7AC-EBA1ACD582DA} = {558E9CA4-3DC5-375C-B7AC-EBA1ACD582DA}
		{32775E22-F1E7-3118-BDE7-C1436E63247A} = {32775E22-F1E7-3118-BDE7-C1436E63247A}
	EndProjectSection
EndProject
Project("{8BC9CEB8-8B4A-11D0-8D11-00A0C91BC942}") = "noteexpressiontext", "public.sdk\samples\vst\note_expression_text\noteexpressiontext.vcxproj", "{1AD25A1B-2C13-3F10-8216-465698B37F90}"
	ProjectSection(ProjectDependencies) = postProject
		{E1BBBA71-F121-3125-B2A3-B0D2C0B540DF} = {E1BBBA71-F121-3125-B2A3-B0D2C0B540DF}
		{D8AED9C5-75E0-3C82-B05E-8D5DA5931C39} = {D8AED9C5-75E0-3C82-B05E-8D5DA5931C39}
		{6B825D33-7322-38B9-B22B-20686EB4DC43} = {6B825D33-7322-38B9-B22B-20686EB4DC43}
		{D41748F0-17B9-3520-840C-AB006A21FFD8} = {D41748F0-17B9-3520-840C-AB006A21FFD8}
		{381DC9DA-B6D1-3583-AB4E-A9C34E99D143} = {381DC9DA-B6D1-3583-AB4E-A9C34E99D143}
		{A7B5AED5-448D-3216-B24C-3577CC2D9EC7} = {A7B5AED5-448D-3216-B24C-3577CC2D9EC7}
		{290FCDFA-7B1B-3836-8CC9-EAB154AF9945} = {290FCDFA-7B1B-3836-8CC9-EAB154AF9945}
		{558E9CA4-3DC5-375C-B7AC-EBA1ACD582DA} = {558E9CA4-3DC5-375C-B7AC-EBA1ACD582DA}
		{32775E22-F1E7-3118-BDE7-C1436E63247A} = {32775E22-F1E7-3118-BDE7-C1436E63247A}
	EndProjectSection
EndProject
Project("{8BC9CEB8-8B4A-11D0-8D11-00A0C91BC942}") = "panner", "public.sdk\samples\vst\panner\panner.vcxproj", "{109DA30C-4824-3D68-852D-25896906EBA6}"
	ProjectSection(ProjectDependencies) = postProject
		{E1BBBA71-F121-3125-B2A3-B0D2C0B540DF} = {E1BBBA71-F121-3125-B2A3-B0D2C0B540DF}
		{D8AED9C5-75E0-3C82-B05E-8D5DA5931C39} = {D8AED9C5-75E0-3C82-B05E-8D5DA5931C39}
		{6B825D33-7322-38B9-B22B-20686EB4DC43} = {6B825D33-7322-38B9-B22B-20686EB4DC43}
		{D41748F0-17B9-3520-840C-AB006A21FFD8} = {D41748F0-17B9-3520-840C-AB006A21FFD8}
		{381DC9DA-B6D1-3583-AB4E-A9C34E99D143} = {381DC9DA-B6D1-3583-AB4E-A9C34E99D143}
		{A7B5AED5-448D-3216-B24C-3577CC2D9EC7} = {A7B5AED5-448D-3216-B24C-3577CC2D9EC7}
		{290FCDFA-7B1B-3836-8CC9-EAB154AF9945} = {290FCDFA-7B1B-3836-8CC9-EAB154AF9945}
		{558E9CA4-3DC5-375C-B7AC-EBA1ACD582DA} = {558E9CA4-3DC5-375C-B7AC-EBA1ACD582DA}
		{32775E22-F1E7-3118-BDE7-C1436E63247A} = {32775E22-F1E7-3118-BDE7-C1436E63247A}
	EndProjectSection
EndProject
Project("{8BC9CEB8-8B4A-11D0-8D11-00A0C91BC942}") = "pitchnames", "public.sdk\samples\vst\pitchnames\pitchnames.vcxproj", "{3EE9F44B-7894-325D-AD6E-C68A3839A738}"
	ProjectSection(ProjectDependencies) = postProject
		{E1BBBA71-F121-3125-B2A3-B0D2C0B540DF} = {E1BBBA71-F121-3125-B2A3-B0D2C0B540DF}
		{D8AED9C5-75E0-3C82-B05E-8D5DA5931C39} = {D8AED9C5-75E0-3C82-B05E-8D5DA5931C39}
		{6B825D33-7322-38B9-B22B-20686EB4DC43} = {6B825D33-7322-38B9-B22B-20686EB4DC43}
		{D41748F0-17B9-3520-840C-AB006A21FFD8} = {D41748F0-17B9-3520-840C-AB006A21FFD8}
		{381DC9DA-B6D1-3583-AB4E-A9C34E99D143} = {381DC9DA-B6D1-3583-AB4E-A9C34E99D143}
		{A7B5AED5-448D-3216-B24C-3577CC2D9EC7} = {A7B5AED5-448D-3216-B24C-3577CC2D9EC7}
		{290FCDFA-7B1B-3836-8CC9-EAB154AF9945} = {290FCDFA-7B1B-3836-8CC9-EAB154AF9945}
		{558E9CA4-3DC5-375C-B7AC-EBA1ACD582DA} = {558E9CA4-3DC5-375C-B7AC-EBA1ACD582DA}
		{32775E22-F1E7-3118-BDE7-C1436E63247A} = {32775E22-F1E7-3118-BDE7-C1436E63247A}
	EndProjectSection
EndProject
Project("{8BC9CEB8-8B4A-11D0-8D11-00A0C91BC942}") = "pluginterfaces", "pluginterfaces\pluginterfaces.vcxproj", "{6B825D33-7322-38B9-B22B-20686EB4DC43}"
	ProjectSection(ProjectDependencies) = postProject
		{E1BBBA71-F121-3125-B2A3-B0D2C0B540DF} = {E1BBBA71-F121-3125-B2A3-B0D2C0B540DF}
	EndProjectSection
EndProject
Project("{8BC9CEB8-8B4A-11D0-8D11-00A0C91BC942}") = "prefetchablesupport", "public.sdk\samples\vst\prefetchablesupport\prefetchablesupport.vcxproj", "{DE7B3237-1832-3128-8128-A06CFA7B7049}"
	ProjectSection(ProjectDependencies) = postProject
		{E1BBBA71-F121-3125-B2A3-B0D2C0B540DF} = {E1BBBA71-F121-3125-B2A3-B0D2C0B540DF}
		{D8AED9C5-75E0-3C82-B05E-8D5DA5931C39} = {D8AED9C5-75E0-3C82-B05E-8D5DA5931C39}
		{6B825D33-7322-38B9-B22B-20686EB4DC43} = {6B825D33-7322-38B9-B22B-20686EB4DC43}
		{D41748F0-17B9-3520-840C-AB006A21FFD8} = {D41748F0-17B9-3520-840C-AB006A21FFD8}
		{381DC9DA-B6D1-3583-AB4E-A9C34E99D143} = {381DC9DA-B6D1-3583-AB4E-A9C34E99D143}
		{A7B5AED5-448D-3216-B24C-3577CC2D9EC7} = {A7B5AED5-448D-3216-B24C-3577CC2D9EC7}
	EndProjectSection
EndProject
Project("{8BC9CEB8-8B4A-11D0-8D11-00A0C91BC942}") = "programchange", "public.sdk\samples\vst\programchange\programchange.vcxproj", "{17466E55-8D81-3B94-B642-3ECFC0A1B0D0}"
	ProjectSection(ProjectDependencies) = postProject
		{E1BBBA71-F121-3125-B2A3-B0D2C0B540DF} = {E1BBBA71-F121-3125-B2A3-B0D2C0B540DF}
		{D8AED9C5-75E0-3C82-B05E-8D5DA5931C39} = {D8AED9C5-75E0-3C82-B05E-8D5DA5931C39}
		{6B825D33-7322-38B9-B22B-20686EB4DC43} = {6B825D33-7322-38B9-B22B-20686EB4DC43}
		{D41748F0-17B9-3520-840C-AB006A21FFD8} = {D41748F0-17B9-3520-840C-AB006A21FFD8}
		{381DC9DA-B6D1-3583-AB4E-A9C34E99D143} = {381DC9DA-B6D1-3583-AB4E-A9C34E99D143}
		{A7B5AED5-448D-3216-B24C-3577CC2D9EC7} = {A7B5AED5-448D-3216-B24C-3577CC2D9EC7}
	EndProjectSection
EndProject
Project("{8BC9CEB8-8B4A-11D0-8D11-00A0C91BC942}") = "sdk", "public.sdk\sdk.vcxproj", "{D41748F0-17B9-3520-840C-AB006A21FFD8}"
	ProjectSection(ProjectDependencies) = postProject
		{E1BBBA71-F121-3125-B2A3-B0D2C0B540DF} = {E1BBBA71-F121-3125-B2A3-B0D2C0B540DF}
		{D8AED9C5-75E0-3C82-B05E-8D5DA5931C39} = {D8AED9C5-75E0-3C82-B05E-8D5DA5931C39}
		{6B825D33-7322-38B9-B22B-20686EB4DC43} = {6B825D33-7322-38B9-B22B-20686EB4DC43}
		{381DC9DA-B6D1-3583-AB4E-A9C34E99D143} = {381DC9DA-B6D1-3583-AB4E-A9C34E99D143}
	EndProjectSection
EndProject
Project("{8BC9CEB8-8B4A-11D0-8D11-00A0C91BC942}") = "sdk_common", "public.sdk\sdk_common.vcxproj", "{381DC9DA-B6D1-3583-AB4E-A9C34E99D143}"
	ProjectSection(ProjectDependencies) = postProject
		{E1BBBA71-F121-3125-B2A3-B0D2C0B540DF} = {E1BBBA71-F121-3125-B2A3-B0D2C0B540DF}
		{D8AED9C5-75E0-3C82-B05E-8D5DA5931C39} = {D8AED9C5-75E0-3C82-B05E-8D5DA5931C39}
		{6B825D33-7322-38B9-B22B-20686EB4DC43} = {6B825D33-7322-38B9-B22B-20686EB4DC43}
	EndProjectSection
EndProject
Project("{8BC9CEB8-8B4A-11D0-8D11-00A0C91BC942}") = "sdk_hosting", "public.sdk\sdk_hosting.vcxproj", "{C51E9F00-D943-37C8-AA2A-E86AE75678A7}"
	ProjectSection(ProjectDependencies) = postProject
		{E1BBBA71-F121-3125-B2A3-B0D2C0B540DF} = {E1BBBA71-F121-3125-B2A3-B0D2C0B540DF}
		{D8AED9C5-75E0-3C82-B05E-8D5DA5931C39} = {D8AED9C5-75E0-3C82-B05E-8D5DA5931C39}
		{6B825D33-7322-38B9-B22B-20686EB4DC43} = {6B825D33-7322-38B9-B22B-20686EB4DC43}
		{381DC9DA-B6D1-3583-AB4E-A9C34E99D143} = {381DC9DA-B6D1-3583-AB4E-A9C34E99D143}
	EndProjectSection
EndProject
Project("{8BC9CEB8-8B4A-11D0-8D11-00A0C91BC942}") = "syncdelay", "public.sdk\samples\vst\syncdelay\syncdelay.vcxproj", "{9B5EA628-73EF-367D-976B-53B4F6A4D98E}"
	ProjectSection(ProjectDependencies) = postProject
		{E1BBBA71-F121-3125-B2A3-B0D2C0B540DF} = {E1BBBA71-F121-3125-B2A3-B0D2C0B540DF}
		{D8AED9C5-75E0-3C82-B05E-8D5DA5931C39} = {D8AED9C5-75E0-3C82-B05E-8D5DA5931C39}
		{6B825D33-7322-38B9-B22B-20686EB4DC43} = {6B825D33-7322-38B9-B22B-20686EB4DC43}
		{D41748F0-17B9-3520-840C-AB006A21FFD8} = {D41748F0-17B9-3520-840C-AB006A21FFD8}
		{381DC9DA-B6D1-3583-AB4E-A9C34E99D143} = {381DC9DA-B6D1-3583-AB4E-A9C34E99D143}
		{A7B5AED5-448D-3216-B24C-3577CC2D9EC7} = {A7B5AED5-448D-3216-B24C-3577CC2D9EC7}
	EndProjectSection
EndProject
Project("{8BC9CEB8-8B4A-11D0-8D11-00A0C91BC942}") = "uidesccompressor", "VSTGUI.build\tools\uidesccompressor\uidesccompressor.vcxproj", "{0AEC4BA1-50AC-3DD3-905A-6E73494828B8}"
	ProjectSection(ProjectDependencies) = postProject
		{E1BBBA71-F121-3125-B2A3-B0D2C0B540DF} = {E1BBBA71-F121-3125-B2A3-B0D2C0B540DF}
		{290FCDFA-7B1B-3836-8CC9-EAB154AF9945} = {290FCDFA-7B1B-3836-8CC9-EAB154AF9945}
		{32775E22-F1E7-3118-BDE7-C1436E63247A} = {32775E22-F1E7-3118-BDE7-C1436E63247A}
	EndProjectSection
EndProject
Project("{8BC9CEB8-8B4A-11D0-8D11-00A0C91BC942}") = "validator", "public.sdk\samples\vst-hosting\validator\validator.vcxproj", "{A7B5AED5-448D-3216-B24C-3577CC2D9EC7}"
	ProjectSection(ProjectDependencies) = postProject
		{E1BBBA71-F121-3125-B2A3-B0D2C0B540DF} = {E1BBBA71-F121-3125-B2A3-B0D2C0B540DF}
		{D8AED9C5-75E0-3C82-B05E-8D5DA5931C39} = {D8AED9C5-75E0-3C82-B05E-8D5DA5931C39}
		{6B825D33-7322-38B9-B22B-20686EB4DC43} = {6B825D33-7322-38B9-B22B-20686EB4DC43}
		{381DC9DA-B6D1-3583-AB4E-A9C34E99D143} = {381DC9DA-B6D1-3583-AB4E-A9C34E99D143}
		{C51E9F00-D943-37C8-AA2A-E86AE75678A7} = {C51E9F00-D943-37C8-AA2A-E86AE75678A7}
	EndProjectSection
EndProject
Project("{8BC9CEB8-8B4A-11D0-8D11-00A0C91BC942}") = "vstgui", "VSTGUI.build\lib\vstgui.vcxproj", "{290FCDFA-7B1B-3836-8CC9-EAB154AF9945}"
	ProjectSection(ProjectDependencies) = postProject
		{E1BBBA71-F121-3125-B2A3-B0D2C0B540DF} = {E1BBBA71-F121-3125-B2A3-B0D2C0B540DF}
	EndProjectSection
EndProject
Project("{8BC9CEB8-8B4A-11D0-8D11-00A0C91BC942}") = "vstgui_support", "vstgui_support.vcxproj", "{558E9CA4-3DC5-375C-B7AC-EBA1ACD582DA}"
	ProjectSection(ProjectDependencies) = postProject
		{E1BBBA71-F121-3125-B2A3-B0D2C0B540DF} = {E1BBBA71-F121-3125-B2A3-B0D2C0B540DF}
		{D8AED9C5-75E0-3C82-B05E-8D5DA5931C39} = {D8AED9C5-75E0-3C82-B05E-8D5DA5931C39}
		{290FCDFA-7B1B-3836-8CC9-EAB154AF9945} = {290FCDFA-7B1B-3836-8CC9-EAB154AF9945}
		{32775E22-F1E7-3118-BDE7-C1436E63247A} = {32775E22-F1E7-3118-BDE7-C1436E63247A}
	EndProjectSection
EndProject
Project("{8BC9CEB8-8B4A-11D0-8D11-00A0C91BC942}") = "vstgui_uidescription", "VSTGUI.build\uidescription\vstgui_uidescription.vcxproj", "{32775E22-F1E7-3118-BDE7-C1436E63247A}"
	ProjectSection(ProjectDependencies) = postProject
		{E1BBBA71-F121-3125-B2A3-B0D2C0B540DF} = {E1BBBA71-F121-3125-B2A3-B0D2C0B540DF}
		{290FCDFA-7B1B-3836-8CC9-EAB154AF9945} = {290FCDFA-7B1B-3836-8CC9-EAB154AF9945}
	EndProjectSection
EndProject
Global
	GlobalSection(SolutionConfigurationPlatforms) = preSolution
		Debug|x64 = Debug|x64
		Release|x64 = Release|x64
	EndGlobalSection
	GlobalSection(ProjectConfigurationPlatforms) = postSolution
		{FA208C94-900E-3208-9FE3-70BBF182E7EB}.Debug|x64.ActiveCfg = Debug|x64
		{FA208C94-900E-3208-9FE3-70BBF182E7EB}.Release|x64.ActiveCfg = Release|x64
		{E1BBBA71-F121-3125-B2A3-B0D2C0B540DF}.Debug|x64.ActiveCfg = Debug|x64
		{E1BBBA71-F121-3125-B2A3-B0D2C0B540DF}.Debug|x64.Build.0 = Debug|x64
		{E1BBBA71-F121-3125-B2A3-B0D2C0B540DF}.Release|x64.ActiveCfg = Release|x64
		{E1BBBA71-F121-3125-B2A3-B0D2C0B540DF}.Release|x64.Build.0 = Release|x64
		{4DE86EED-E37E-3984-A203-FDA24A8D716B}.Debug|x64.ActiveCfg = Debug|x64
		{4DE86EED-E37E-3984-A203-FDA24A8D716B}.Debug|x64.Build.0 = Debug|x64
		{4DE86EED-E37E-3984-A203-FDA24A8D716B}.Release|x64.ActiveCfg = Release|x64
		{4DE86EED-E37E-3984-A203-FDA24A8D716B}.Release|x64.Build.0 = Release|x64
		{BF32A55A-4E0F-3164-83B4-38EDBB855E6A}.Debug|x64.ActiveCfg = Debug|x64
		{BF32A55A-4E0F-3164-83B4-38EDBB855E6A}.Debug|x64.Build.0 = Debug|x64
		{BF32A55A-4E0F-3164-83B4-38EDBB855E6A}.Release|x64.ActiveCfg = Release|x64
		{BF32A55A-4E0F-3164-83B4-38EDBB855E6A}.Release|x64.Build.0 = Release|x64
		{5E026349-52CA-3CFD-BD9B-0C5191349DB8}.Debug|x64.ActiveCfg = Debug|x64
		{5E026349-52CA-3CFD-BD9B-0C5191349DB8}.Debug|x64.Build.0 = Debug|x64
		{5E026349-52CA-3CFD-BD9B-0C5191349DB8}.Release|x64.ActiveCfg = Release|x64
		{5E026349-52CA-3CFD-BD9B-0C5191349DB8}.Release|x64.Build.0 = Release|x64
		{D8AED9C5-75E0-3C82-B05E-8D5DA5931C39}.Debug|x64.ActiveCfg = Debug|x64
		{D8AED9C5-75E0-3C82-B05E-8D5DA5931C39}.Debug|x64.Build.0 = Debug|x64
		{D8AED9C5-75E0-3C82-B05E-8D5DA5931C39}.Release|x64.ActiveCfg = Release|x64
		{D8AED9C5-75E0-3C82-B05E-8D5DA5931C39}.Release|x64.Build.0 = Release|x64
		{4C6A7A0A-EED0-3987-9BB2-EDA07309F9C5}.Debug|x64.ActiveCfg = Debug|x64
		{4C6A7A0A-EED0-3987-9BB2-EDA07309F9C5}.Debug|x64.Build.0 = Debug|x64
		{4C6A7A0A-EED0-3987-9BB2-EDA07309F9C5}.Release|x64.ActiveCfg = Release|x64
		{4C6A7A0A-EED0-3987-9BB2-EDA07309F9C5}.Release|x64.Build.0 = Release|x64
		{76C4EB3B-0A68-3DE0-A6AA-A3B64BDB7BBF}.Debug|x64.ActiveCfg = Debug|x64
		{76C4EB3B-0A68-3DE0-A6AA-A3B64BDB7BBF}.Release|x64.ActiveCfg = Release|x64
		{18944F24-04A0-3739-857B-49D7582EBCDA}.Debug|x64.ActiveCfg = Debug|x64
		{18944F24-04A0-3739-857B-49D7582EBCDA}.Debug|x64.Build.0 = Debug|x64
		{18944F24-04A0-3739-857B-49D7582EBCDA}.Release|x64.ActiveCfg = Release|x64
		{18944F24-04A0-3739-857B-49D7582EBCDA}.Release|x64.Build.0 = Release|x64
		{3F778A2F-7D2D-3ED9-A945-32CB2C82A6C4}.Debug|x64.ActiveCfg = Debug|x64
		{3F778A2F-7D2D-3ED9-A945-32CB2C82A6C4}.Debug|x64.Build.0 = Debug|x64
		{3F778A2F-7D2D-3ED9-A945-32CB2C82A6C4}.Release|x64.ActiveCfg = Release|x64
		{3F778A2F-7D2D-3ED9-A945-32CB2C82A6C4}.Release|x64.Build.0 = Release|x64
		{53B7331A-E4BD-3B97-A21A-5BB1F812FC44}.Debug|x64.ActiveCfg = Debug|x64
		{53B7331A-E4BD-3B97-A21A-5BB1F812FC44}.Debug|x64.Build.0 = Debug|x64
		{53B7331A-E4BD-3B97-A21A-5BB1F812FC44}.Release|x64.ActiveCfg = Release|x64
		{53B7331A-E4BD-3B97-A21A-5BB1F812FC44}.Release|x64.Build.0 = Release|x64
		{36275DF6-0A55-3AA6-BAFD-F459736632F6}.Debug|x64.ActiveCfg = Debug|x64
		{36275DF6-0A55-3AA6-BAFD-F459736632F6}.Debug|x64.Build.0 = Debug|x64
		{36275DF6-0A55-3AA6-BAFD-F459736632F6}.Release|x64.ActiveCfg = Release|x64
		{36275DF6-0A55-3AA6-BAFD-F459736632F6}.Release|x64.Build.0 = Release|x64
		{65977FD2-8834-38A4-BD3D-DF255068287C}.Debug|x64.ActiveCfg = Debug|x64
		{65977FD2-8834-38A4-BD3D-DF255068287C}.Debug|x64.Build.0 = Debug|x64
		{65977FD2-8834-38A4-BD3D-DF255068287C}.Release|x64.ActiveCfg = Release|x64
		{65977FD2-8834-38A4-BD3D-DF255068287C}.Release|x64.Build.0 = Release|x64
		{1AD25A1B-2C13-3F10-8216-465698B37F90}.Debug|x64.ActiveCfg = Debug|x64
		{1AD25A1B-2C13-3F10-8216-465698B37F90}.Debug|x64.Build.0 = Debug|x64
		{1AD25A1B-2C13-3F10-8216-465698B37F90}.Release|x64.ActiveCfg = Release|x64
		{1AD25A1B-2C13-3F10-8216-465698B37F90}.Release|x64.Build.0 = Release|x64
		{109DA30C-4824-3D68-852D-25896906EBA6}.Debug|x64.ActiveCfg = Debug|x64
		{109DA30C-4824-3D68-852D-25896906EBA6}.Debug|x64.Build.0 = Debug|x64
		{109DA30C-4824-3D68-852D-25896906EBA6}.Release|x64.ActiveCfg = Release|x64
		{109DA30C-4824-3D68-852D-25896906EBA6}.Release|x64.Build.0 = Release|x64
		{3EE9F44B-7894-325D-AD6E-C68A3839A738}.Debug|x64.ActiveCfg = Debug|x64
		{3EE9F44B-7894-325D-AD6E-C68A3839A738}.Debug|x64.Build.0 = Debug|x64
		{3EE9F44B-7894-325D-AD6E-C68A3839A738}.Release|x64.ActiveCfg = Release|x64
		{3EE9F44B-7894-325D-AD6E-C68A3839A738}.Release|x64.Build.0 = Release|x64
		{6B825D33-7322-38B9-B22B-20686EB4DC43}.Debug|x64.ActiveCfg = Debug|x64
		{6B825D33-7322-38B9-B22B-20686EB4DC43}.Debug|x64.Build.0 = Debug|x64
		{6B825D33-7322-38B9-B22B-20686EB4DC43}.Release|x64.ActiveCfg = Release|x64
		{6B825D33-7322-38B9-B22B-20686EB4DC43}.Release|x64.Build.0 = Release|x64
		{DE7B3237-1832-3128-8128-A06CFA7B7049}.Debug|x64.ActiveCfg = Debug|x64
		{DE7B3237-1832-3128-8128-A06CFA7B7049}.Debug|x64.Build.0 = Debug|x64
		{DE7B3237-1832-3128-8128-A06CFA7B7049}.Release|x64.ActiveCfg = Release|x64
		{DE7B3237-1832-3128-8128-A06CFA7B7049}.Release|x64.Build.0 = Release|x64
		{17466E55-8D81-3B94-B642-3ECFC0A1B0D0}.Debug|x64.ActiveCfg = Debug|x64
		{17466E55-8D81-3B94-B642-3ECFC0A1B0D0}.Debug|x64.Build.0 = Debug|x64
		{17466E55-8D81-3B94-B642-3ECFC0A1B0D0}.Release|x64.ActiveCfg = Release|x64
		{17466E55-8D81-3B94-B642-3ECFC0A1B0D0}.Release|x64.Build.0 = Release|x64
		{D41748F0-17B9-3520-840C-AB006A21FFD8}.Debug|x64.ActiveCfg = Debug|x64
		{D41748F0-17B9-3520-840C-AB006A21FFD8}.Debug|x64.Build.0 = Debug|x64
		{D41748F0-17B9-3520-840C-AB006A21FFD8}.Release|x64.ActiveCfg = Release|x64
		{D41748F0-17B9-3520-840C-AB006A21FFD8}.Release|x64.Build.0 = Release|x64
		{381DC9DA-B6D1-3583-AB4E-A9C34E99D143}.Debug|x64.ActiveCfg = Debug|x64
		{381DC9DA-B6D1-3583-AB4E-A9C34E99D143}.Debug|x64.Build.0 = Debug|x64
		{381DC9DA-B6D1-3583-AB4E-A9C34E99D143}.Release|x64.ActiveCfg = Release|x64
		{381DC9DA-B6D1-3583-AB4E-A9C34E99D143}.Release|x64.Build.0 = Release|x64
		{C51E9F00-D943-37C8-AA2A-E86AE75678A7}.Debug|x64.ActiveCfg = Debug|x64
		{C51E9F00-D943-37C8-AA2A-E86AE75678A7}.Debug|x64.Build.0 = Debug|x64
		{C51E9F00-D943-37C8-AA2A-E86AE75678A7}.Release|x64.ActiveCfg = Release|x64
		{C51E9F00-D943-37C8-AA2A-E86AE75678A7}.Release|x64.Build.0 = Release|x64
		{9B5EA628-73EF-367D-976B-53B4F6A4D98E}.Debug|x64.ActiveCfg = Debug|x64
		{9B5EA628-73EF-367D-976B-53B4F6A4D98E}.Debug|x64.Build.0 = Debug|x64
		{9B5EA628-73EF-367D-976B-53B4F6A4D98E}.Release|x64.ActiveCfg = Release|x64
		{9B5EA628-73EF-367D-976B-53B4F6A4D98E}.Release|x64.Build.0 = Release|x64
		{0AEC4BA1-50AC-3DD3-905A-6E73494828B8}.Debug|x64.ActiveCfg = Debug|x64
		{0AEC4BA1-50AC-3DD3-905A-6E73494828B8}.Debug|x64.Build.0 = Debug|x64
		{0AEC4BA1-50AC-3DD3-905A-6E73494828B8}.Release|x64.ActiveCfg = Release|x64
		{0AEC4BA1-50AC-3DD3-905A-6E73494828B8}.Release|x64.Build.0 = Release|x64
		{A7B5AED5-448D-3216-B24C-3577CC2D9EC7}.Debug|x64.ActiveCfg = Debug|x64
		{A7B5AED5-448D-3216-B24C-3577CC2D9EC7}.Debug|x64.Build.0 = Debug|x64
		{A7B5AED5-448D-3216-B24C-3577CC2D9EC7}.Release|x64.ActiveCfg = Release|x64
		{A7B5AED5-448D-3216-B24C-3577CC2D9EC7}.Release|x64.Build.0 = Release|x64
		{290FCDFA-7B1B-3836-8CC9-EAB154AF9945}.Debug|x64.ActiveCfg = Debug|x64
		{290FCDFA-7B1B-3836-8CC9-EAB154AF9945}.Debug|x64.Build.0 = Debug|x64
		{290FCDFA-7B1B-3836-8CC9-EAB154AF9945}.Release|x64.ActiveCfg = Release|x64
		{290FCDFA-7B1B-3836-8CC9-EAB154AF9945}.Release|x64.Build.0 = Release|x64
		{558E9CA4-3DC5-375C-B7AC-EBA1ACD582DA}.Debug|x64.ActiveCfg = Debug|x64
		{558E9CA4-3DC5-375C-B7AC-EBA1ACD582DA}.Debug|x64.Build.0 = Debug|x64
		{558E9CA4-3DC5-375C-B7AC-EBA1ACD582DA}.Release|x64.ActiveCfg = Release|x64
		{558E9CA4-3DC5-375C-B7AC-EBA1ACD582DA}.Release|x64.Build.0 = Release|x64
		{32775E22-F1E7-3118-BDE7-C1436E63247A}.Debug|x64.ActiveCfg = Debug|x64
		{32775E22-F1E7-3118-BDE7-C1436E63247A}.Debug|x64.Build.0 = Debug|x64
		{32775E22-F1E7-3118-BDE7-C1436E63247A}.Release|x64.ActiveCfg = Release|x64
		{32775E22-F1E7-3118-BDE7-C1436E63247A}.Release|x64.Build.0 = Release|x64
	EndGlobalSection
	GlobalSection(NestedProjects) = preSolution
		{18944F24-04A0-3739-857B-49D7582EBCDA} = {AAEF6D2A-E176-3E54-9532-1062EBD60CF4}
		{A7B5AED5-448D-3216-B24C-3577CC2D9EC7} = {AAEF6D2A-E176-3E54-9532-1062EBD60CF4}
		{D8AED9C5-75E0-3C82-B05E-8D5DA5931C39} = {EEC0ABF9-6E3E-38D1-A53E-9AF4AA1DF1F6}
		{76C4EB3B-0A68-3DE0-A6AA-A3B64BDB7BBF} = {EEC0ABF9-6E3E-38D1-A53E-9AF4AA1DF1F6}
		{6B825D33-7322-38B9-B22B-20686EB4DC43} = {EEC0ABF9-6E3E-38D1-A53E-9AF4AA1DF1F6}
		{D41748F0-17B9-3520-840C-AB006A21FFD8} = {EEC0ABF9-6E3E-38D1-A53E-9AF4AA1DF1F6}
		{381DC9DA-B6D1-3583-AB4E-A9C34E99D143} = {EEC0ABF9-6E3E-38D1-A53E-9AF4AA1DF1F6}
		{C51E9F00-D943-37C8-AA2A-E86AE75678A7} = {EEC0ABF9-6E3E-38D1-A53E-9AF4AA1DF1F6}
		{290FCDFA-7B1B-3836-8CC9-EAB154AF9945} = {EEC0ABF9-6E3E-38D1-A53E-9AF4AA1DF1F6}
		{558E9CA4-3DC5-375C-B7AC-EBA1ACD582DA} = {EEC0ABF9-6E3E-38D1-A53E-9AF4AA1DF1F6}
		{32775E22-F1E7-3118-BDE7-C1436E63247A} = {EEC0ABF9-6E3E-38D1-A53E-9AF4AA1DF1F6}
		{4DE86EED-E37E-3984-A203-FDA24A8D716B} = {41BE2D2A-5231-382C-A3B1-001055D9E3DC}
		{BF32A55A-4E0F-3164-83B4-38EDBB855E6A} = {41BE2D2A-5231-382C-A3B1-001055D9E3DC}
		{5E026349-52CA-3CFD-BD9B-0C5191349DB8} = {41BE2D2A-5231-382C-A3B1-001055D9E3DC}
		{4C6A7A0A-EED0-3987-9BB2-EDA07309F9C5} = {41BE2D2A-5231-382C-A3B1-001055D9E3DC}
		{3F778A2F-7D2D-3ED9-A945-32CB2C82A6C4} = {41BE2D2A-5231-382C-A3B1-001055D9E3DC}
		{53B7331A-E4BD-3B97-A21A-5BB1F812FC44} = {41BE2D2A-5231-382C-A3B1-001055D9E3DC}
		{36275DF6-0A55-3AA6-BAFD-F459736632F6} = {41BE2D2A-5231-382C-A3B1-001055D9E3DC}
		{65977FD2-8834-38A4-BD3D-DF255068287C} = {41BE2D2A-5231-382C-A3B1-001055D9E3DC}
		{1AD25A1B-2C13-3F10-8216-465698B37F90} = {41BE2D2A-5231-382C-A3B1-001055D9E3DC}
		{109DA30C-4824-3D68-852D-25896906EBA6} = {41BE2D2A-5231-382C-A3B1-001055D9E3DC}
		{3EE9F44B-7894-325D-AD6E-C68A3839A738} = {41BE2D2A-5231-382C-A3B1-001055D9E3DC}
		{DE7B3237-1832-3128-8128-A06CFA7B7049} = {41BE2D2A-5231-382C-A3B1-001055D9E3DC}
		{17466E55-8D81-3B94-B642-3ECFC0A1B0D0} = {41BE2D2A-5231-382C-A3B1-001055D9E3DC}
		{9B5EA628-73EF-367D-976B-53B4F6A4D98E} = {41BE2D2A-5231-382C-A3B1-001055D9E3DC}
		{FA208C94-900E-3208-9FE3-70BBF182E7EB} = {DB964146-3C9A-3BE2-87CB-1D8F62B4D8A3}
		{E1BBBA71-F121-3125-B2A3-B0D2C0B540DF} = {DB964146-3C9A-3BE2-87CB-1D8F62B4D8A3}
		{0AEC4BA1-50AC-3DD3-905A-6E73494828B8} = {C573B6C6-A556-3721-AEE6-8BAB489F0B7D}
	EndGlobalSection
	GlobalSection(ExtensibilityGlobals) = postSolution
		SolutionGuid = {B34AD214-13B4-3EC8-BE45-4A54AF64B15E}
	EndGlobalSection
	GlobalSection(ExtensibilityAddIns) = postSolution
	EndGlobalSection
EndGlobal
