<?xml version="1.0" encoding="utf-8"?>
<Project ToolsVersion="16.0" xmlns="http://schemas.microsoft.com/developer/msbuild/2003">
  <ItemGroup>
    <ClCompile Include="D:\VSTPlugins2019\vst3sdk\vst3sdk\public.sdk\samples\vst\note_expression_synth\source\factory.cpp">
      <Filter>Source Files</Filter>
    </ClCompile>
    <ClCompile Include="D:\VSTPlugins2019\vst3sdk\vst3sdk\public.sdk\samples\vst\note_expression_synth\source\note_expression_synth_controller.cpp">
      <Filter>Source Files</Filter>
    </ClCompile>
    <ClCompile Include="D:\VSTPlugins2019\vst3sdk\vst3sdk\public.sdk\samples\vst\note_expression_synth\source\note_expression_synth_processor.cpp">
      <Filter>Source Files</Filter>
    </ClCompile>
    <ClCompile Include="D:\VSTPlugins2019\vst3sdk\vst3sdk\public.sdk\samples\vst\note_expression_synth\source\note_expression_synth_ui.cpp">
      <Filter>Source Files</Filter>
    </ClCompile>
    <ClCompile Include="D:\VSTPlugins2019\vst3sdk\vst3sdk\public.sdk\samples\vst\note_expression_synth\source\note_expression_synth_voice.cpp">
      <Filter>Source Files</Filter>
    </ClCompile>
    <ClCompile Include="D:\VSTPlugins2019\vst3sdk\vst3sdk\public.sdk\samples\vst\note_expression_synth\source\note_touch_controller.cpp">
      <Filter>Source Files</Filter>
    </ClCompile>
    <ClCompile Include="D:\VSTPlugins2019\vst3sdk\vst3sdk\vstgui4\vstgui\contrib\keyboardview.cpp">
      <Filter>Source Files</Filter>
    </ClCompile>
    <ClCompile Include="D:\VSTPlugins2019\vst3sdk\vst3sdk\public.sdk\source\main\dllmain.cpp">
      <Filter>Source Files</Filter>
    </ClCompile>
  </ItemGroup>
  <ItemGroup>
    <ClInclude Include="D:\VSTPlugins2019\vst3sdk\vst3sdk\public.sdk\samples\vst\note_expression_synth\source\brownnoise.h">
      <Filter>Header Files</Filter>
    </ClInclude>
    <ClInclude Include="D:\VSTPlugins2019\vst3sdk\vst3sdk\public.sdk\samples\vst\note_expression_synth\source\filter.h">
      <Filter>Header Files</Filter>
    </ClInclude>
    <ClInclude Include="D:\VSTPlugins2019\vst3sdk\vst3sdk\public.sdk\samples\vst\note_expression_synth\source\note_expression_synth_controller.h">
      <Filter>Header Files</Filter>
    </ClInclude>
    <ClInclude Include="D:\VSTPlugins2019\vst3sdk\vst3sdk\public.sdk\samples\vst\note_expression_synth\source\note_expression_synth_processor.h">
      <Filter>Header Files</Filter>
    </ClInclude>
    <ClInclude Include="D:\VSTPlugins2019\vst3sdk\vst3sdk\public.sdk\samples\vst\note_expression_synth\source\note_expression_synth_ui.h">
      <Filter>Header Files</Filter>
    </ClInclude>
    <ClInclude Include="D:\VSTPlugins2019\vst3sdk\vst3sdk\public.sdk\samples\vst\note_expression_synth\source\note_expression_synth_voice.h">
      <Filter>Header Files</Filter>
    </ClInclude>
    <ClInclude Include="D:\VSTPlugins2019\vst3sdk\vst3sdk\public.sdk\samples\vst\note_expression_synth\source\note_touch_controller.h">
      <Filter>Header Files</Filter>
    </ClInclude>
    <ClInclude Include="D:\VSTPlugins2019\vst3sdk\vst3sdk\public.sdk\samples\vst\note_expression_synth\source\version.h">
      <Filter>Header Files</Filter>
    </ClInclude>
    <ClInclude Include="D:\VSTPlugins2019\vst3sdk\vst3sdk\vstgui4\vstgui\contrib\keyboardview.h">
      <Filter>Header Files</Filter>
    </ClInclude>
  </ItemGroup>
  <ItemGroup>
    <CustomBuild Include="D:\VSTPlugins2019\vst3sdk\vst3sdk\public.sdk\samples\vst\note_expression_synth\CMakeLists.txt" />
  </ItemGroup>
  <ItemGroup>
    <None Include="D:\VSTPlugins2019\vst3sdk\vst3sdk\public.sdk\samples\vst\note_expression_synth\resource\note_expression_synth.uidesc" />
  </ItemGroup>
  <ItemGroup>
    <ResourceCompile Include="D:\VSTPlugins2019\vst3sdk\vst3sdk\public.sdk\samples\vst\note_expression_synth\resource\note_expression_synth.rc">
      <Filter>Source Files</Filter>
    </ResourceCompile>
  </ItemGroup>
  <ItemGroup>
    <Filter Include="Header Files">
      <UniqueIdentifier>{B13CB634-CCD1-314C-BEC9-E77E403BD3F8}</UniqueIdentifier>
    </Filter>
    <Filter Include="Source Files">
      <UniqueIdentifier>{CAF147CE-76EC-35D5-806D-A82C8E40FC81}</UniqueIdentifier>
    </Filter>
  </ItemGroup>
</Project>
