
Microsoft Visual Studio Solution File, Format Version 12.00
# Visual Studio Version 16
Project("{2150E333-8FDC-42A3-9474-1A3956D46DE8}") = "Libraries", "Libraries", "{EEC0ABF9-6E3E-38D1-A53E-9AF4AA1DF1F6}"
EndProject
Project("{2150E333-8FDC-42A3-9474-1A3956D46DE8}") = "Predefined", "Predefined", "{DB964146-3C9A-3BE2-87CB-1D8F62B4D8A3}"
EndProject
Project("{8BC9CEB8-8B4A-11D0-8D11-00A0C91BC942}") = "ALL_BUILD", "ALL_BUILD.vcxproj", "{FA208C94-900E-3208-9FE3-70BBF182E7EB}"
	ProjectSection(ProjectDependencies) = postProject
		{E1BBBA71-F121-3125-B2A3-B0D2C0B540DF} = {E1BBBA71-F121-3125-B2A3-B0D2C0B540DF}
		{6B825D33-7322-38B9-B22B-20686EB4DC43} = {6B825D33-7322-38B9-B22B-20686EB4DC43}
	EndProjectSection
EndProject
Project("{8BC9CEB8-8B4A-11D0-8D11-00A0C91BC942}") = "ZERO_CHECK", "..\\ZERO_CHECK.vcxproj", "{E1BBBA71-F121-3125-B2A3-B0D2C0B540DF}"
	ProjectSection(ProjectDependencies) = postProject
	EndProjectSection
EndProject
Project("{8BC9CEB8-8B4A-11D0-8D11-00A0C91BC942}") = "pluginterfaces", "pluginterfaces.vcxproj", "{6B825D33-7322-38B9-B22B-20686EB4DC43}"
	ProjectSection(ProjectDependencies) = postProject
		{E1BBBA71-F121-3125-B2A3-B0D2C0B540DF} = {E1BBBA71-F121-3125-B2A3-B0D2C0B540DF}
	EndProjectSection
EndProject
Global
	GlobalSection(SolutionConfigurationPlatforms) = preSolution
		Debug|x64 = Debug|x64
		Release|x64 = Release|x64
	EndGlobalSection
	GlobalSection(ProjectConfigurationPlatforms) = postSolution
		{FA208C94-900E-3208-9FE3-70BBF182E7EB}.Debug|x64.ActiveCfg = Debug|x64
		{FA208C94-900E-3208-9FE3-70BBF182E7EB}.Release|x64.ActiveCfg = Release|x64
		{E1BBBA71-F121-3125-B2A3-B0D2C0B540DF}.Debug|x64.ActiveCfg = Debug|x64
		{E1BBBA71-F121-3125-B2A3-B0D2C0B540DF}.Debug|x64.Build.0 = Debug|x64
		{E1BBBA71-F121-3125-B2A3-B0D2C0B540DF}.Release|x64.ActiveCfg = Release|x64
		{E1BBBA71-F121-3125-B2A3-B0D2C0B540DF}.Release|x64.Build.0 = Release|x64
		{6B825D33-7322-38B9-B22B-20686EB4DC43}.Debug|x64.ActiveCfg = Debug|x64
		{6B825D33-7322-38B9-B22B-20686EB4DC43}.Debug|x64.Build.0 = Debug|x64
		{6B825D33-7322-38B9-B22B-20686EB4DC43}.Release|x64.ActiveCfg = Release|x64
		{6B825D33-7322-38B9-B22B-20686EB4DC43}.Release|x64.Build.0 = Release|x64
	EndGlobalSection
	GlobalSection(NestedProjects) = preSolution
		{6B825D33-7322-38B9-B22B-20686EB4DC43} = {EEC0ABF9-6E3E-38D1-A53E-9AF4AA1DF1F6}
		{FA208C94-900E-3208-9FE3-70BBF182E7EB} = {DB964146-3C9A-3BE2-87CB-1D8F62B4D8A3}
		{E1BBBA71-F121-3125-B2A3-B0D2C0B540DF} = {DB964146-3C9A-3BE2-87CB-1D8F62B4D8A3}
	EndGlobalSection
	GlobalSection(ExtensibilityGlobals) = postSolution
		SolutionGuid = {C38957B3-F45C-3545-99D1-387740609CCC}
	EndGlobalSection
	GlobalSection(ExtensibilityAddIns) = postSolution
	EndGlobalSection
EndGlobal
