<?xml version="1.0" encoding="utf-8"?>
<Project ToolsVersion="16.0" xmlns="http://schemas.microsoft.com/developer/msbuild/2003">
  <ItemGroup>
    <ClCompile Include="D:\VSTPlugins2019\vst3sdk\vst3sdk\vstgui4\vstgui\tools\uidesccompressor\main.cpp">
      <Filter>Source Files</Filter>
    </ClCompile>
  </ItemGroup>
  <ItemGroup>
    <CustomBuild Include="D:\VSTPlugins2019\vst3sdk\vst3sdk\vstgui4\vstgui\tools\uidesccompressor\CMakeLists.txt" />
  </ItemGroup>
  <ItemGroup>
    <Filter Include="Source Files">
      <UniqueIdentifier>{CAF147CE-76EC-35D5-806D-A82C8E40FC81}</UniqueIdentifier>
    </Filter>
  </ItemGroup>
</Project>
