<?xml version="1.0" encoding="utf-8"?>
<Project ToolsVersion="16.0" xmlns="http://schemas.microsoft.com/developer/msbuild/2003">
  <ItemGroup>
    <ClCompile Include="D:\VSTPlugins2019\vst3sdk\vst3sdk\public.sdk\samples\vst\panner\source\plugfactory.cpp">
      <Filter>Source Files</Filter>
    </ClCompile>
    <ClCompile Include="D:\VSTPlugins2019\vst3sdk\vst3sdk\public.sdk\samples\vst\panner\source\plugcontroller.cpp">
      <Filter>Source Files</Filter>
    </ClCompile>
    <ClCompile Include="D:\VSTPlugins2019\vst3sdk\vst3sdk\public.sdk\samples\vst\panner\source\plugprocessor.cpp">
      <Filter>Source Files</Filter>
    </ClCompile>
    <ClCompile Include="D:\VSTPlugins2019\vst3sdk\vst3sdk\public.sdk\source\main\dllmain.cpp">
      <Filter>Source Files</Filter>
    </ClCompile>
  </ItemGroup>
  <ItemGroup>
    <ClInclude Include="D:\VSTPlugins2019\vst3sdk\vst3sdk\public.sdk\samples\vst\panner\include\plugcontroller.h">
      <Filter>Header Files</Filter>
    </ClInclude>
    <ClInclude Include="D:\VSTPlugins2019\vst3sdk\vst3sdk\public.sdk\samples\vst\panner\include\plugids.h">
      <Filter>Header Files</Filter>
    </ClInclude>
    <ClInclude Include="D:\VSTPlugins2019\vst3sdk\vst3sdk\public.sdk\samples\vst\panner\include\plugprocessor.h">
      <Filter>Header Files</Filter>
    </ClInclude>
    <ClInclude Include="D:\VSTPlugins2019\vst3sdk\vst3sdk\public.sdk\samples\vst\panner\include\version.h">
      <Filter>Header Files</Filter>
    </ClInclude>
  </ItemGroup>
  <ItemGroup>
    <CustomBuild Include="D:\VSTPlugins2019\vst3sdk\vst3sdk\public.sdk\samples\vst\panner\CMakeLists.txt" />
  </ItemGroup>
  <ItemGroup>
    <None Include="D:\VSTPlugins2019\vst3sdk\vst3sdk\public.sdk\samples\vst\panner\resource\plug.uidesc" />
  </ItemGroup>
  <ItemGroup>
    <ResourceCompile Include="D:\VSTPlugins2019\vst3sdk\vst3sdk\public.sdk\samples\vst\panner\resource\plug.rc">
      <Filter>Source Files</Filter>
    </ResourceCompile>
  </ItemGroup>
  <ItemGroup>
    <Filter Include="Header Files">
      <UniqueIdentifier>{B13CB634-CCD1-314C-BEC9-E77E403BD3F8}</UniqueIdentifier>
    </Filter>
    <Filter Include="Source Files">
      <UniqueIdentifier>{CAF147CE-76EC-35D5-806D-A82C8E40FC81}</UniqueIdentifier>
    </Filter>
  </ItemGroup>
</Project>
